# THIS IS AN AUTOGENERATED FILE. DO NOT EDIT THIS FILE DIRECTLY.
# yarn lockfile v1


big.js@^5.0.3:
  version "5.0.3"
  resolved "https://registry.yarnpkg.com/big.js/-/big.js-5.0.3.tgz#9679fb0a3599a7d3df397f855e89c4dba016960e"

bootstrap-validator@^0.11.9:
  version "0.11.9"
  resolved "https://registry.yarnpkg.com/bootstrap-validator/-/bootstrap-validator-0.11.9.tgz#fb7058eef53623e78f5aa7967026f98f875a9404"

bootstrap@3.3.6:
  version "3.3.6"
  resolved "https://registry.yarnpkg.com/bootstrap/-/bootstrap-3.3.6.tgz#8de8f749dc8a743f2ac5b510d988371e3daa6589"

jquery@^2.2.0:
  version "2.2.4"
  resolved "https://registry.yarnpkg.com/jquery/-/jquery-2.2.4.tgz#2c89d6889b5eac522a7eea32c14521559c6cbf02"
